
Microsoft Visual Studio Solution File, Format Version 12.00
# Visual Studio Version 16
VisualStudioVersion = 16.0.31313.79
MinimumVisualStudioVersion = 10.0.40219.1
Project("{FAE04EC0-301F-11D3-BF4B-00C04F79EFBC}") = "Model-View-Controller", "Model-View-Controller.csproj", "{5E2A6C16-9068-4448-8282-8E837582CB67}"
EndProject
Global
	GlobalSection(SolutionConfigurationPlatforms) = preSolution
		Debug|Any CPU = Debug|Any CPU
		Release|Any CPU = Release|Any CPU
	EndGlobalSection
	GlobalSection(ProjectConfigurationPlatforms) = postSolution
		{5E2A6C16-9068-4448-8282-8E837582CB67}.Debug|Any CPU.ActiveCfg = Debug|Any CPU
		{5E2A6C16-9068-4448-8282-8E837582CB67}.Debug|Any CPU.Build.0 = Debug|Any CPU
		{5E2A6C16-9068-4448-8282-8E837582CB67}.Release|Any CPU.ActiveCfg = Release|Any CPU
		{5E2A6C16-9068-4448-8282-8E837582CB67}.Release|Any CPU.Build.0 = Release|Any CPU
	EndGlobalSection
	GlobalSection(SolutionProperties) = preSolution
		HideSolutionNode = FALSE
	EndGlobalSection
	GlobalSection(ExtensibilityGlobals) = postSolution
		SolutionGuid = {C82959B8-21B5-4AE3-86DD-4B485C36C995}
	EndGlobalSection
EndGlobal
